
Microsoft Visual Studio Solution File, Format Version 12.00
# Visual Studio Version 17
VisualStudioVersion = 17.9.34728.123
MinimumVisualStudioVersion = 10.0.40219.1
Project("{9A19103F-16F7-4668-BE54-9A1E7A4F7556}") = "Day1Concepts", "Day1\Day1Concepts.csproj", "{B3727AD0-775E-467A-8A8F-60036472C1E7}"
EndProject
Project("{9A19103F-16F7-4668-BE54-9A1E7A4F7556}") = "Day2Concepts", "Day2Concepts\Day2Concepts.csproj", "{45CF3299-84A7-43B4-B196-3FA646201205}"
EndProject
Project("{9A19103F-16F7-4668-BE54-9A1E7A4F7556}") = "Day3Concepts", "DailyConcepts3\Day3Concepts.csproj", "{A9990AB3-BC71-4622-8676-EE7E4E12F190}"
EndProject
Project("{9A19103F-16F7-4668-BE54-9A1E7A4F7556}") = "Day4Concepts", "Day4Concepts\Day4Concepts.csproj", "{49557203-3D46-47E9-8E09-1BE015089E9A}"
EndProject
Project("{9A19103F-16F7-4668-BE54-9A1E7A4F7556}") = "Day5Concepts", "Day5Concepts\Day5Concepts.csproj", "{F6EDC445-E37A-409C-AE65-9FFFED3A19AF}"
EndProject
Project("{9A19103F-16F7-4668-BE54-9A1E7A4F7556}") = "Day6Concepts", "Day6Concepts\Day6Concepts.csproj", "{1A2042D1-0FA1-4294-8AFA-502F7C1350C5}"
EndProject
Project("{9A19103F-16F7-4668-BE54-9A1E7A4F7556}") = "Day7Concepts", "Day7Concepts\Day7Concepts.csproj", "{3E39667C-F682-4601-93C7-B1F739AA2AF0}"
EndProject
Project("{9A19103F-16F7-4668-BE54-9A1E7A4F7556}") = "Day8Concepts", "Day8Concepts\Day8Concepts.csproj", "{7C0C83FE-0926-4062-816F-3534BDF98E56}"
EndProject
Project("{9A19103F-16F7-4668-BE54-9A1E7A4F7556}") = "Day9Concepts", "Day9Concepts\Day9Concepts.csproj", "{FDD80771-A2C2-4D60-B32C-2D5F28FE79D9}"
EndProject
Project("{9A19103F-16F7-4668-BE54-9A1E7A4F7556}") = "Day10Concepts", "Day10Concepts\Day10Concepts.csproj", "{AAB3A730-0B0D-48BE-BEBD-3E55825A8B78}"
EndProject
Project("{9A19103F-16F7-4668-BE54-9A1E7A4F7556}") = "AssemblyOne", "AssemblyOne\AssemblyOne.csproj", "{B2D2BCA2-801A-4B7E-B288-C85C4D595276}"
EndProject
Project("{9A19103F-16F7-4668-BE54-9A1E7A4F7556}") = "AssemblyTwo", "AssemblyTwo\AssemblyTwo.csproj", "{7DFDDCBA-281C-4BA4-97D4-86CECFE7652F}"
EndProject
Project("{9A19103F-16F7-4668-BE54-9A1E7A4F7556}") = "Day11Concepts", "Day11Concepts\Day11Concepts.csproj", "{9B16ED45-5196-4AD4-8E07-B50CDFD70292}"
EndProject
Project("{9A19103F-16F7-4668-BE54-9A1E7A4F7556}") = "Day12Concepts", "Day12Concepts\Day12Concepts.csproj", "{F8428786-6BE9-48E6-B352-7637F91DE1AD}"
EndProject
Project("{9A19103F-16F7-4668-BE54-9A1E7A4F7556}") = "Day13Concepts", "Day13Concepts\Day13Concepts.csproj", "{5D477DC6-1644-407A-86AA-E033D7CA3A40}"
EndProject
Project("{9A19103F-16F7-4668-BE54-9A1E7A4F7556}") = "Day14Concepts", "Day14Concepts\Day14Concepts.csproj", "{C93F734E-5BD6-4A3A-8611-68D291FD20B3}"
EndProject
Project("{9A19103F-16F7-4668-BE54-9A1E7A4F7556}") = "Day17Concepts", "Day17Concepts\Day17Concepts.csproj", "{D1CF9282-2487-4E78-8C1F-F3AFC366E791}"
EndProject
Project("{9A19103F-16F7-4668-BE54-9A1E7A4F7556}") = "Day18Concepts", "Day18Concepts\Day18Concepts.csproj", "{55884635-E6A6-4369-BF5C-C0CDF251AD33}"
EndProject
Project("{9A19103F-16F7-4668-BE54-9A1E7A4F7556}") = "Day19Concepts", "Day19Concepts\Day19Concepts.csproj", "{9FC69DD6-09A7-4DF3-A7A4-54D63667ED67}"
EndProject
Project("{9A19103F-16F7-4668-BE54-9A1E7A4F7556}") = "Day20Concepts", "Day20Concepts\Day20Concepts.csproj", "{66E2F8C0-DFAB-4288-BAA3-CAED83CEE17F}"
EndProject
Project("{00D1A9C2-B5F0-4AF3-8072-F6C62B433612}") = "Day21SQLConcepts", "Day21SQLConcepts\Day21SQLConcepts.sqlproj", "{E0C8B411-43A5-49E3-8E62-1B7D5287C69C}"
EndProject
Project("{9A19103F-16F7-4668-BE54-9A1E7A4F7556}") = "BookStoreAPI", "Day24Concepts\BookStoreAPI.csproj", "{93AF0C14-D1A0-4719-9C9B-D30A79A128E5}"
EndProject
Project("{00D1A9C2-B5F0-4AF3-8072-F6C62B433612}") = "Day22SQLConcepts", "Day22SQLConcepts\Day22SQLConcepts.sqlproj", "{BE54F97A-386B-427C-A955-ED5CFC0F06C5}"
EndProject
Project("{00D1A9C2-B5F0-4AF3-8072-F6C62B433612}") = "Day23SQLConcepts", "Day23SQLConcepts\Day23SQLConcepts.sqlproj", "{C9C37C7A-FF71-4440-8DD5-42248758B4AB}"
EndProject
Project("{9A19103F-16F7-4668-BE54-9A1E7A4F7556}") = "Day25Concepts", "MiddlewareConcepts\Day25Concepts.csproj", "{F0C5374B-645B-441B-9C55-642D39AC7545}"
EndProject
Project("{9A19103F-16F7-4668-BE54-9A1E7A4F7556}") = "MiddlwareConcepts", "MiddlwareConcepts\MiddlwareConcepts.csproj", "{8475B965-392F-4F39-B28D-40FC0C9099D0}"
EndProject
Project("{9A19103F-16F7-4668-BE54-9A1E7A4F7556}") = "LifeTimeDemo", "LifeTimeDemo\LifeTimeDemo.csproj", "{3AC61C9F-8C63-417F-AF08-2804E25D8F66}"
EndProject
Project("{9A19103F-16F7-4668-BE54-9A1E7A4F7556}") = "Day29Concepts", "Day29Concepts\Day29Concepts.csproj", "{4CE5B8F7-3938-4294-B95A-92611621A304}"
EndProject
Project("{9A19103F-16F7-4668-BE54-9A1E7A4F7556}") = "Day30Concepts", "Day30Concepts\Day30Concepts.csproj", "{D713BA12-E8E9-41BC-BD79-82036CB6F2F6}"
EndProject
Project("{9A19103F-16F7-4668-BE54-9A1E7A4F7556}") = "Day31Concepts", "Day31Concepts\Day31Concepts.csproj", "{46316E67-3E04-4ECA-A65A-72C0876F7FA0}"
EndProject
Project("{9A19103F-16F7-4668-BE54-9A1E7A4F7556}") = "Assembly1", "Assembly1\Assembly1.csproj", "{0E4A1DC9-BCF9-4E43-B87D-2FC7FA15DAA9}"
EndProject
Project("{9A19103F-16F7-4668-BE54-9A1E7A4F7556}") = "Assembly2", "Assembly2\Assembly2.csproj", "{419D379B-34C5-492F-A3ED-413750B95342}"
EndProject
Project("{9A19103F-16F7-4668-BE54-9A1E7A4F7556}") = "Day32Concepts", "Day32Concepts\Day32Concepts.csproj", "{7444CE41-4FCA-406A-90B5-D3E4CB8F95F3}"
EndProject
Project("{9A19103F-16F7-4668-BE54-9A1E7A4F7556}") = "Day33Concepts", "Day33Concepts\Day33Concepts.csproj", "{CCF55141-860D-4341-A4F0-A53B8A1D5CFC}"
EndProject
Project("{9A19103F-16F7-4668-BE54-9A1E7A4F7556}") = "Day34Concepts", "Day34Concepts\Day34Concepts.csproj", "{F66C98D9-550B-47C3-99F7-905CBD36BBBA}"
EndProject
Project("{9A19103F-16F7-4668-BE54-9A1E7A4F7556}") = "Day35Concepts", "Day35Concepts\Day35Concepts.csproj", "{4282481F-E3B5-4B29-9EA9-B2255F6C62BF}"
EndProject
Project("{9A19103F-16F7-4668-BE54-9A1E7A4F7556}") = "Day39Concepts", "Day39Concepts\Day39Concepts.csproj", "{5152A480-2DEE-46E3-A8D9-16F937A14E15}"
EndProject
Project("{9A19103F-16F7-4668-BE54-9A1E7A4F7556}") = "Day40Concepts", "Day40Concepts\Day40Concepts.csproj", "{553248B3-4336-4FBB-BC75-C3DB65951B1C}"
EndProject
Project("{9A19103F-16F7-4668-BE54-9A1E7A4F7556}") = "MiddlewareRevision", "Day43Concepts\MiddlewareRevision.csproj", "{6768C0CF-5296-4BBD-978E-B3B6245EBA2F}"
EndProject
Project("{9A19103F-16F7-4668-BE54-9A1E7A4F7556}") = "Day44Concepts", "Day44Concepts\Day44Concepts.csproj", "{252A2E9C-47DA-4C56-AF3B-246488E02211}"
EndProject
Project("{FAE04EC0-301F-11D3-BF4B-00C04F79EFBC}") = "BookStoreAPI2", "BookStoreAPI2\BookStoreAPI2.csproj", "{18B7F621-750C-4560-A026-3999B397F796}"
EndProject
Global
	GlobalSection(SolutionConfigurationPlatforms) = preSolution
		Debug|Any CPU = Debug|Any CPU
		Release|Any CPU = Release|Any CPU
	EndGlobalSection
	GlobalSection(ProjectConfigurationPlatforms) = postSolution
		{B3727AD0-775E-467A-8A8F-60036472C1E7}.Debug|Any CPU.ActiveCfg = Debug|Any CPU
		{B3727AD0-775E-467A-8A8F-60036472C1E7}.Debug|Any CPU.Build.0 = Debug|Any CPU
		{B3727AD0-775E-467A-8A8F-60036472C1E7}.Release|Any CPU.ActiveCfg = Release|Any CPU
		{B3727AD0-775E-467A-8A8F-60036472C1E7}.Release|Any CPU.Build.0 = Release|Any CPU
		{45CF3299-84A7-43B4-B196-3FA646201205}.Debug|Any CPU.ActiveCfg = Debug|Any CPU
		{45CF3299-84A7-43B4-B196-3FA646201205}.Debug|Any CPU.Build.0 = Debug|Any CPU
		{45CF3299-84A7-43B4-B196-3FA646201205}.Release|Any CPU.ActiveCfg = Release|Any CPU
		{45CF3299-84A7-43B4-B196-3FA646201205}.Release|Any CPU.Build.0 = Release|Any CPU
		{A9990AB3-BC71-4622-8676-EE7E4E12F190}.Debug|Any CPU.ActiveCfg = Debug|Any CPU
		{A9990AB3-BC71-4622-8676-EE7E4E12F190}.Debug|Any CPU.Build.0 = Debug|Any CPU
		{A9990AB3-BC71-4622-8676-EE7E4E12F190}.Release|Any CPU.ActiveCfg = Release|Any CPU
		{A9990AB3-BC71-4622-8676-EE7E4E12F190}.Release|Any CPU.Build.0 = Release|Any CPU
		{49557203-3D46-47E9-8E09-1BE015089E9A}.Debug|Any CPU.ActiveCfg = Debug|Any CPU
		{49557203-3D46-47E9-8E09-1BE015089E9A}.Debug|Any CPU.Build.0 = Debug|Any CPU
		{49557203-3D46-47E9-8E09-1BE015089E9A}.Release|Any CPU.ActiveCfg = Release|Any CPU
		{49557203-3D46-47E9-8E09-1BE015089E9A}.Release|Any CPU.Build.0 = Release|Any CPU
		{F6EDC445-E37A-409C-AE65-9FFFED3A19AF}.Debug|Any CPU.ActiveCfg = Debug|Any CPU
		{F6EDC445-E37A-409C-AE65-9FFFED3A19AF}.Debug|Any CPU.Build.0 = Debug|Any CPU
		{F6EDC445-E37A-409C-AE65-9FFFED3A19AF}.Release|Any CPU.ActiveCfg = Release|Any CPU
		{F6EDC445-E37A-409C-AE65-9FFFED3A19AF}.Release|Any CPU.Build.0 = Release|Any CPU
		{1A2042D1-0FA1-4294-8AFA-502F7C1350C5}.Debug|Any CPU.ActiveCfg = Debug|Any CPU
		{1A2042D1-0FA1-4294-8AFA-502F7C1350C5}.Debug|Any CPU.Build.0 = Debug|Any CPU
		{1A2042D1-0FA1-4294-8AFA-502F7C1350C5}.Release|Any CPU.ActiveCfg = Release|Any CPU
		{1A2042D1-0FA1-4294-8AFA-502F7C1350C5}.Release|Any CPU.Build.0 = Release|Any CPU
		{3E39667C-F682-4601-93C7-B1F739AA2AF0}.Debug|Any CPU.ActiveCfg = Debug|Any CPU
		{3E39667C-F682-4601-93C7-B1F739AA2AF0}.Debug|Any CPU.Build.0 = Debug|Any CPU
		{3E39667C-F682-4601-93C7-B1F739AA2AF0}.Release|Any CPU.ActiveCfg = Release|Any CPU
		{3E39667C-F682-4601-93C7-B1F739AA2AF0}.Release|Any CPU.Build.0 = Release|Any CPU
		{7C0C83FE-0926-4062-816F-3534BDF98E56}.Debug|Any CPU.ActiveCfg = Debug|Any CPU
		{7C0C83FE-0926-4062-816F-3534BDF98E56}.Debug|Any CPU.Build.0 = Debug|Any CPU
		{7C0C83FE-0926-4062-816F-3534BDF98E56}.Release|Any CPU.ActiveCfg = Release|Any CPU
		{7C0C83FE-0926-4062-816F-3534BDF98E56}.Release|Any CPU.Build.0 = Release|Any CPU
		{FDD80771-A2C2-4D60-B32C-2D5F28FE79D9}.Debug|Any CPU.ActiveCfg = Debug|Any CPU
		{FDD80771-A2C2-4D60-B32C-2D5F28FE79D9}.Debug|Any CPU.Build.0 = Debug|Any CPU
		{FDD80771-A2C2-4D60-B32C-2D5F28FE79D9}.Release|Any CPU.ActiveCfg = Release|Any CPU
		{FDD80771-A2C2-4D60-B32C-2D5F28FE79D9}.Release|Any CPU.Build.0 = Release|Any CPU
		{AAB3A730-0B0D-48BE-BEBD-3E55825A8B78}.Debug|Any CPU.ActiveCfg = Debug|Any CPU
		{AAB3A730-0B0D-48BE-BEBD-3E55825A8B78}.Debug|Any CPU.Build.0 = Debug|Any CPU
		{AAB3A730-0B0D-48BE-BEBD-3E55825A8B78}.Release|Any CPU.ActiveCfg = Release|Any CPU
		{AAB3A730-0B0D-48BE-BEBD-3E55825A8B78}.Release|Any CPU.Build.0 = Release|Any CPU
		{B2D2BCA2-801A-4B7E-B288-C85C4D595276}.Debug|Any CPU.ActiveCfg = Debug|Any CPU
		{B2D2BCA2-801A-4B7E-B288-C85C4D595276}.Debug|Any CPU.Build.0 = Debug|Any CPU
		{B2D2BCA2-801A-4B7E-B288-C85C4D595276}.Release|Any CPU.ActiveCfg = Release|Any CPU
		{B2D2BCA2-801A-4B7E-B288-C85C4D595276}.Release|Any CPU.Build.0 = Release|Any CPU
		{7DFDDCBA-281C-4BA4-97D4-86CECFE7652F}.Debug|Any CPU.ActiveCfg = Debug|Any CPU
		{7DFDDCBA-281C-4BA4-97D4-86CECFE7652F}.Debug|Any CPU.Build.0 = Debug|Any CPU
		{7DFDDCBA-281C-4BA4-97D4-86CECFE7652F}.Release|Any CPU.ActiveCfg = Release|Any CPU
		{7DFDDCBA-281C-4BA4-97D4-86CECFE7652F}.Release|Any CPU.Build.0 = Release|Any CPU
		{9B16ED45-5196-4AD4-8E07-B50CDFD70292}.Debug|Any CPU.ActiveCfg = Debug|Any CPU
		{9B16ED45-5196-4AD4-8E07-B50CDFD70292}.Debug|Any CPU.Build.0 = Debug|Any CPU
		{9B16ED45-5196-4AD4-8E07-B50CDFD70292}.Release|Any CPU.ActiveCfg = Release|Any CPU
		{9B16ED45-5196-4AD4-8E07-B50CDFD70292}.Release|Any CPU.Build.0 = Release|Any CPU
		{F8428786-6BE9-48E6-B352-7637F91DE1AD}.Debug|Any CPU.ActiveCfg = Debug|Any CPU
		{F8428786-6BE9-48E6-B352-7637F91DE1AD}.Debug|Any CPU.Build.0 = Debug|Any CPU
		{F8428786-6BE9-48E6-B352-7637F91DE1AD}.Release|Any CPU.ActiveCfg = Release|Any CPU
		{F8428786-6BE9-48E6-B352-7637F91DE1AD}.Release|Any CPU.Build.0 = Release|Any CPU
		{5D477DC6-1644-407A-86AA-E033D7CA3A40}.Debug|Any CPU.ActiveCfg = Debug|Any CPU
		{5D477DC6-1644-407A-86AA-E033D7CA3A40}.Debug|Any CPU.Build.0 = Debug|Any CPU
		{5D477DC6-1644-407A-86AA-E033D7CA3A40}.Release|Any CPU.ActiveCfg = Release|Any CPU
		{5D477DC6-1644-407A-86AA-E033D7CA3A40}.Release|Any CPU.Build.0 = Release|Any CPU
		{C93F734E-5BD6-4A3A-8611-68D291FD20B3}.Debug|Any CPU.ActiveCfg = Debug|Any CPU
		{C93F734E-5BD6-4A3A-8611-68D291FD20B3}.Debug|Any CPU.Build.0 = Debug|Any CPU
		{C93F734E-5BD6-4A3A-8611-68D291FD20B3}.Release|Any CPU.ActiveCfg = Release|Any CPU
		{C93F734E-5BD6-4A3A-8611-68D291FD20B3}.Release|Any CPU.Build.0 = Release|Any CPU
		{D1CF9282-2487-4E78-8C1F-F3AFC366E791}.Debug|Any CPU.ActiveCfg = Debug|Any CPU
		{D1CF9282-2487-4E78-8C1F-F3AFC366E791}.Debug|Any CPU.Build.0 = Debug|Any CPU
		{D1CF9282-2487-4E78-8C1F-F3AFC366E791}.Release|Any CPU.ActiveCfg = Release|Any CPU
		{D1CF9282-2487-4E78-8C1F-F3AFC366E791}.Release|Any CPU.Build.0 = Release|Any CPU
		{55884635-E6A6-4369-BF5C-C0CDF251AD33}.Debug|Any CPU.ActiveCfg = Debug|Any CPU
		{55884635-E6A6-4369-BF5C-C0CDF251AD33}.Debug|Any CPU.Build.0 = Debug|Any CPU
		{55884635-E6A6-4369-BF5C-C0CDF251AD33}.Release|Any CPU.ActiveCfg = Release|Any CPU
		{55884635-E6A6-4369-BF5C-C0CDF251AD33}.Release|Any CPU.Build.0 = Release|Any CPU
		{9FC69DD6-09A7-4DF3-A7A4-54D63667ED67}.Debug|Any CPU.ActiveCfg = Debug|Any CPU
		{9FC69DD6-09A7-4DF3-A7A4-54D63667ED67}.Debug|Any CPU.Build.0 = Debug|Any CPU
		{9FC69DD6-09A7-4DF3-A7A4-54D63667ED67}.Release|Any CPU.ActiveCfg = Release|Any CPU
		{9FC69DD6-09A7-4DF3-A7A4-54D63667ED67}.Release|Any CPU.Build.0 = Release|Any CPU
		{66E2F8C0-DFAB-4288-BAA3-CAED83CEE17F}.Debug|Any CPU.ActiveCfg = Debug|Any CPU
		{66E2F8C0-DFAB-4288-BAA3-CAED83CEE17F}.Debug|Any CPU.Build.0 = Debug|Any CPU
		{66E2F8C0-DFAB-4288-BAA3-CAED83CEE17F}.Release|Any CPU.ActiveCfg = Release|Any CPU
		{66E2F8C0-DFAB-4288-BAA3-CAED83CEE17F}.Release|Any CPU.Build.0 = Release|Any CPU
		{E0C8B411-43A5-49E3-8E62-1B7D5287C69C}.Debug|Any CPU.ActiveCfg = Debug|Any CPU
		{E0C8B411-43A5-49E3-8E62-1B7D5287C69C}.Debug|Any CPU.Build.0 = Debug|Any CPU
		{E0C8B411-43A5-49E3-8E62-1B7D5287C69C}.Debug|Any CPU.Deploy.0 = Debug|Any CPU
		{E0C8B411-43A5-49E3-8E62-1B7D5287C69C}.Release|Any CPU.ActiveCfg = Release|Any CPU
		{E0C8B411-43A5-49E3-8E62-1B7D5287C69C}.Release|Any CPU.Build.0 = Release|Any CPU
		{E0C8B411-43A5-49E3-8E62-1B7D5287C69C}.Release|Any CPU.Deploy.0 = Release|Any CPU
		{93AF0C14-D1A0-4719-9C9B-D30A79A128E5}.Debug|Any CPU.ActiveCfg = Debug|Any CPU
		{93AF0C14-D1A0-4719-9C9B-D30A79A128E5}.Debug|Any CPU.Build.0 = Debug|Any CPU
		{93AF0C14-D1A0-4719-9C9B-D30A79A128E5}.Release|Any CPU.ActiveCfg = Release|Any CPU
		{93AF0C14-D1A0-4719-9C9B-D30A79A128E5}.Release|Any CPU.Build.0 = Release|Any CPU
		{BE54F97A-386B-427C-A955-ED5CFC0F06C5}.Debug|Any CPU.ActiveCfg = Debug|Any CPU
		{BE54F97A-386B-427C-A955-ED5CFC0F06C5}.Debug|Any CPU.Build.0 = Debug|Any CPU
		{BE54F97A-386B-427C-A955-ED5CFC0F06C5}.Debug|Any CPU.Deploy.0 = Debug|Any CPU
		{BE54F97A-386B-427C-A955-ED5CFC0F06C5}.Release|Any CPU.ActiveCfg = Release|Any CPU
		{BE54F97A-386B-427C-A955-ED5CFC0F06C5}.Release|Any CPU.Build.0 = Release|Any CPU
		{BE54F97A-386B-427C-A955-ED5CFC0F06C5}.Release|Any CPU.Deploy.0 = Release|Any CPU
		{C9C37C7A-FF71-4440-8DD5-42248758B4AB}.Debug|Any CPU.ActiveCfg = Debug|Any CPU
		{C9C37C7A-FF71-4440-8DD5-42248758B4AB}.Debug|Any CPU.Build.0 = Debug|Any CPU
		{C9C37C7A-FF71-4440-8DD5-42248758B4AB}.Debug|Any CPU.Deploy.0 = Debug|Any CPU
		{C9C37C7A-FF71-4440-8DD5-42248758B4AB}.Release|Any CPU.ActiveCfg = Release|Any CPU
		{C9C37C7A-FF71-4440-8DD5-42248758B4AB}.Release|Any CPU.Build.0 = Release|Any CPU
		{C9C37C7A-FF71-4440-8DD5-42248758B4AB}.Release|Any CPU.Deploy.0 = Release|Any CPU
		{F0C5374B-645B-441B-9C55-642D39AC7545}.Debug|Any CPU.ActiveCfg = Debug|Any CPU
		{F0C5374B-645B-441B-9C55-642D39AC7545}.Debug|Any CPU.Build.0 = Debug|Any CPU
		{F0C5374B-645B-441B-9C55-642D39AC7545}.Release|Any CPU.ActiveCfg = Release|Any CPU
		{F0C5374B-645B-441B-9C55-642D39AC7545}.Release|Any CPU.Build.0 = Release|Any CPU
		{8475B965-392F-4F39-B28D-40FC0C9099D0}.Debug|Any CPU.ActiveCfg = Debug|Any CPU
		{8475B965-392F-4F39-B28D-40FC0C9099D0}.Debug|Any CPU.Build.0 = Debug|Any CPU
		{8475B965-392F-4F39-B28D-40FC0C9099D0}.Release|Any CPU.ActiveCfg = Release|Any CPU
		{8475B965-392F-4F39-B28D-40FC0C9099D0}.Release|Any CPU.Build.0 = Release|Any CPU
		{3AC61C9F-8C63-417F-AF08-2804E25D8F66}.Debug|Any CPU.ActiveCfg = Debug|Any CPU
		{3AC61C9F-8C63-417F-AF08-2804E25D8F66}.Debug|Any CPU.Build.0 = Debug|Any CPU
		{3AC61C9F-8C63-417F-AF08-2804E25D8F66}.Release|Any CPU.ActiveCfg = Release|Any CPU
		{3AC61C9F-8C63-417F-AF08-2804E25D8F66}.Release|Any CPU.Build.0 = Release|Any CPU
		{4CE5B8F7-3938-4294-B95A-92611621A304}.Debug|Any CPU.ActiveCfg = Debug|Any CPU
		{4CE5B8F7-3938-4294-B95A-92611621A304}.Debug|Any CPU.Build.0 = Debug|Any CPU
		{4CE5B8F7-3938-4294-B95A-92611621A304}.Release|Any CPU.ActiveCfg = Release|Any CPU
		{4CE5B8F7-3938-4294-B95A-92611621A304}.Release|Any CPU.Build.0 = Release|Any CPU
		{D713BA12-E8E9-41BC-BD79-82036CB6F2F6}.Debug|Any CPU.ActiveCfg = Debug|Any CPU
		{D713BA12-E8E9-41BC-BD79-82036CB6F2F6}.Debug|Any CPU.Build.0 = Debug|Any CPU
		{D713BA12-E8E9-41BC-BD79-82036CB6F2F6}.Release|Any CPU.ActiveCfg = Release|Any CPU
		{D713BA12-E8E9-41BC-BD79-82036CB6F2F6}.Release|Any CPU.Build.0 = Release|Any CPU
		{46316E67-3E04-4ECA-A65A-72C0876F7FA0}.Debug|Any CPU.ActiveCfg = Debug|Any CPU
		{46316E67-3E04-4ECA-A65A-72C0876F7FA0}.Debug|Any CPU.Build.0 = Debug|Any CPU
		{46316E67-3E04-4ECA-A65A-72C0876F7FA0}.Release|Any CPU.ActiveCfg = Release|Any CPU
		{46316E67-3E04-4ECA-A65A-72C0876F7FA0}.Release|Any CPU.Build.0 = Release|Any CPU
		{0E4A1DC9-BCF9-4E43-B87D-2FC7FA15DAA9}.Debug|Any CPU.ActiveCfg = Debug|Any CPU
		{0E4A1DC9-BCF9-4E43-B87D-2FC7FA15DAA9}.Debug|Any CPU.Build.0 = Debug|Any CPU
		{0E4A1DC9-BCF9-4E43-B87D-2FC7FA15DAA9}.Release|Any CPU.ActiveCfg = Release|Any CPU
		{0E4A1DC9-BCF9-4E43-B87D-2FC7FA15DAA9}.Release|Any CPU.Build.0 = Release|Any CPU
		{419D379B-34C5-492F-A3ED-413750B95342}.Debug|Any CPU.ActiveCfg = Debug|Any CPU
		{419D379B-34C5-492F-A3ED-413750B95342}.Debug|Any CPU.Build.0 = Debug|Any CPU
		{419D379B-34C5-492F-A3ED-413750B95342}.Release|Any CPU.ActiveCfg = Release|Any CPU
		{419D379B-34C5-492F-A3ED-413750B95342}.Release|Any CPU.Build.0 = Release|Any CPU
		{7444CE41-4FCA-406A-90B5-D3E4CB8F95F3}.Debug|Any CPU.ActiveCfg = Debug|Any CPU
		{7444CE41-4FCA-406A-90B5-D3E4CB8F95F3}.Debug|Any CPU.Build.0 = Debug|Any CPU
		{7444CE41-4FCA-406A-90B5-D3E4CB8F95F3}.Release|Any CPU.ActiveCfg = Release|Any CPU
		{7444CE41-4FCA-406A-90B5-D3E4CB8F95F3}.Release|Any CPU.Build.0 = Release|Any CPU
		{CCF55141-860D-4341-A4F0-A53B8A1D5CFC}.Debug|Any CPU.ActiveCfg = Debug|Any CPU
		{CCF55141-860D-4341-A4F0-A53B8A1D5CFC}.Debug|Any CPU.Build.0 = Debug|Any CPU
		{CCF55141-860D-4341-A4F0-A53B8A1D5CFC}.Release|Any CPU.ActiveCfg = Release|Any CPU
		{CCF55141-860D-4341-A4F0-A53B8A1D5CFC}.Release|Any CPU.Build.0 = Release|Any CPU
		{F66C98D9-550B-47C3-99F7-905CBD36BBBA}.Debug|Any CPU.ActiveCfg = Debug|Any CPU
		{F66C98D9-550B-47C3-99F7-905CBD36BBBA}.Debug|Any CPU.Build.0 = Debug|Any CPU
		{F66C98D9-550B-47C3-99F7-905CBD36BBBA}.Release|Any CPU.ActiveCfg = Release|Any CPU
		{F66C98D9-550B-47C3-99F7-905CBD36BBBA}.Release|Any CPU.Build.0 = Release|Any CPU
		{4282481F-E3B5-4B29-9EA9-B2255F6C62BF}.Debug|Any CPU.ActiveCfg = Debug|Any CPU
		{4282481F-E3B5-4B29-9EA9-B2255F6C62BF}.Debug|Any CPU.Build.0 = Debug|Any CPU
		{4282481F-E3B5-4B29-9EA9-B2255F6C62BF}.Release|Any CPU.ActiveCfg = Release|Any CPU
		{4282481F-E3B5-4B29-9EA9-B2255F6C62BF}.Release|Any CPU.Build.0 = Release|Any CPU
		{5152A480-2DEE-46E3-A8D9-16F937A14E15}.Debug|Any CPU.ActiveCfg = Debug|Any CPU
		{5152A480-2DEE-46E3-A8D9-16F937A14E15}.Debug|Any CPU.Build.0 = Debug|Any CPU
		{5152A480-2DEE-46E3-A8D9-16F937A14E15}.Release|Any CPU.ActiveCfg = Release|Any CPU
		{5152A480-2DEE-46E3-A8D9-16F937A14E15}.Release|Any CPU.Build.0 = Release|Any CPU
		{553248B3-4336-4FBB-BC75-C3DB65951B1C}.Debug|Any CPU.ActiveCfg = Debug|Any CPU
		{553248B3-4336-4FBB-BC75-C3DB65951B1C}.Debug|Any CPU.Build.0 = Debug|Any CPU
		{553248B3-4336-4FBB-BC75-C3DB65951B1C}.Release|Any CPU.ActiveCfg = Release|Any CPU
		{553248B3-4336-4FBB-BC75-C3DB65951B1C}.Release|Any CPU.Build.0 = Release|Any CPU
		{6768C0CF-5296-4BBD-978E-B3B6245EBA2F}.Debug|Any CPU.ActiveCfg = Debug|Any CPU
		{6768C0CF-5296-4BBD-978E-B3B6245EBA2F}.Debug|Any CPU.Build.0 = Debug|Any CPU
		{6768C0CF-5296-4BBD-978E-B3B6245EBA2F}.Release|Any CPU.ActiveCfg = Release|Any CPU
		{6768C0CF-5296-4BBD-978E-B3B6245EBA2F}.Release|Any CPU.Build.0 = Release|Any CPU
		{252A2E9C-47DA-4C56-AF3B-246488E02211}.Debug|Any CPU.ActiveCfg = Debug|Any CPU
		{252A2E9C-47DA-4C56-AF3B-246488E02211}.Debug|Any CPU.Build.0 = Debug|Any CPU
		{252A2E9C-47DA-4C56-AF3B-246488E02211}.Release|Any CPU.ActiveCfg = Release|Any CPU
		{252A2E9C-47DA-4C56-AF3B-246488E02211}.Release|Any CPU.Build.0 = Release|Any CPU
		{18B7F621-750C-4560-A026-3999B397F796}.Debug|Any CPU.ActiveCfg = Debug|Any CPU
		{18B7F621-750C-4560-A026-3999B397F796}.Debug|Any CPU.Build.0 = Debug|Any CPU
		{18B7F621-750C-4560-A026-3999B397F796}.Release|Any CPU.ActiveCfg = Release|Any CPU
		{18B7F621-750C-4560-A026-3999B397F796}.Release|Any CPU.Build.0 = Release|Any CPU
	EndGlobalSection
	GlobalSection(SolutionProperties) = preSolution
		HideSolutionNode = FALSE
	EndGlobalSection
	GlobalSection(ExtensibilityGlobals) = postSolution
		SolutionGuid = {0F8EF7F7-6176-4446-AE51-848B4EB2EBC2}
	EndGlobalSection
EndGlobal
